
Microsoft Visual Studio Solution File, Format Version 12.00
# Visual Studio Version 16
VisualStudioVersion = 25.0.1704.0
MinimumVisualStudioVersion = 10.0.40219.1
Project("{FAE04EC0-301F-11D3-BF4B-00C04F79EFBC}") = "Week13SQLiteDB", "Week13SQLiteDB\Week13SQLiteDB.csproj", "{0D17733A-7A18-41F7-85D1-404E6D3C2C84}"
EndProject
Global
	GlobalSection(SolutionConfigurationPlatforms) = preSolution
		Debug|Any CPU = Debug|Any CPU
		Release|Any CPU = Release|Any CPU
	EndGlobalSection
	GlobalSection(ProjectConfigurationPlatforms) = postSolution
		{0D17733A-7A18-41F7-85D1-404E6D3C2C84}.Debug|Any CPU.ActiveCfg = Debug|Any CPU
		{0D17733A-7A18-41F7-85D1-404E6D3C2C84}.Debug|Any CPU.Build.0 = Debug|Any CPU
		{0D17733A-7A18-41F7-85D1-404E6D3C2C84}.Release|Any CPU.ActiveCfg = Release|Any CPU
		{0D17733A-7A18-41F7-85D1-404E6D3C2C84}.Release|Any CPU.Build.0 = Release|Any CPU
	EndGlobalSection
	GlobalSection(SolutionProperties) = preSolution
		HideSolutionNode = FALSE
	EndGlobalSection
	GlobalSection(ExtensibilityGlobals) = postSolution
		SolutionGuid = {64D22219-EE72-4AC5-9B4A-48A82A184541}
	EndGlobalSection
EndGlobal
